
Microsoft Visual Studio Solution File, Format Version 12.00
# Visual Studio Version 17
VisualStudioVersion = 17.5.33424.131
MinimumVisualStudioVersion = 10.0.40219.1
Project("{9A19103F-16F7-4668-BE54-9A1E7A4F7556}") = "AtmosAudioFix", "AtmosAudioFix.csproj", "{03812DF2-BBC7-42E9-A8AC-625B0E832EE4}"
EndProject
Global
	GlobalSection(SolutionConfigurationPlatforms) = preSolution
		Debug|Any CPU = Debug|Any CPU
		Release|Any CPU = Release|Any CPU
	EndGlobalSection
	GlobalSection(ProjectConfigurationPlatforms) = postSolution
		{03812DF2-BBC7-42E9-A8AC-625B0E832EE4}.Debug|Any CPU.ActiveCfg = Debug|Any CPU
		{03812DF2-BBC7-42E9-A8AC-625B0E832EE4}.Debug|Any CPU.Build.0 = Debug|Any CPU
		{03812DF2-BBC7-42E9-A8AC-625B0E832EE4}.Release|Any CPU.ActiveCfg = Release|Any CPU
		{03812DF2-BBC7-42E9-A8AC-625B0E832EE4}.Release|Any CPU.Build.0 = Release|Any CPU
	EndGlobalSection
	GlobalSection(SolutionProperties) = preSolution
		HideSolutionNode = FALSE
	EndGlobalSection
	GlobalSection(ExtensibilityGlobals) = postSolution
		SolutionGuid = {711CAD95-4435-472A-B103-35667966F58E}
	EndGlobalSection
EndGlobal
